
Microsoft Visual Studio Solution File, Format Version 12.00
# Visual Studio Version 16
VisualStudioVersion = 16.0.31402.337
MinimumVisualStudioVersion = 10.0.40219.1
Project("{9A19103F-16F7-4668-BE54-9A1E7A4F7556}") = "ForustaSpotify.Api", "ForustaSpotify\ForustaSpotify.Api.csproj", "{0B86AB93-06AD-4077-BF5A-3DC6282B2806}"
EndProject
Project("{9A19103F-16F7-4668-BE54-9A1E7A4F7556}") = "ForustaSpotify.BL", "ForustaSpotify.BL\ForustaSpotify.BL.csproj", "{A740F439-FC92-435B-9B2C-739DB74C3C84}"
EndProject
Project("{9A19103F-16F7-4668-BE54-9A1E7A4F7556}") = "ForustaSpotify.Data", "ForustaSpotify.Data\ForustaSpotify.Data.csproj", "{DC49ADF9-59B9-402A-8344-B6171172062C}"
EndProject
Project("{9A19103F-16F7-4668-BE54-9A1E7A4F7556}") = "ForustaSpotify.Tests", "ForustaSpotify.Tests\ForustaSpotify.Tests.csproj", "{23363520-7131-4F4F-BC85-08CA1E12BAD9}"
EndProject
Project("{9A19103F-16F7-4668-BE54-9A1E7A4F7556}") = "ForustaSpotify.Common", "ForustaSpotify.Common\ForustaSpotify.Common.csproj", "{D913911F-F638-4283-9795-820A79AA3E7D}"
EndProject
Project("{F2A71F9B-5D33-465A-A702-920D77279786}") = "ForustaSpotify.Engine", "ForustaSpotify.Engine\ForustaSpotify.Engine.fsproj", "{95C5CD22-5D78-4FC5-8F8A-1DE7CC150949}"
EndProject
Global
	GlobalSection(SolutionConfigurationPlatforms) = preSolution
		Debug|Any CPU = Debug|Any CPU
		Release|Any CPU = Release|Any CPU
	EndGlobalSection
	GlobalSection(ProjectConfigurationPlatforms) = postSolution
		{0B86AB93-06AD-4077-BF5A-3DC6282B2806}.Debug|Any CPU.ActiveCfg = Debug|Any CPU
		{0B86AB93-06AD-4077-BF5A-3DC6282B2806}.Debug|Any CPU.Build.0 = Debug|Any CPU
		{0B86AB93-06AD-4077-BF5A-3DC6282B2806}.Release|Any CPU.ActiveCfg = Release|Any CPU
		{0B86AB93-06AD-4077-BF5A-3DC6282B2806}.Release|Any CPU.Build.0 = Release|Any CPU
		{A740F439-FC92-435B-9B2C-739DB74C3C84}.Debug|Any CPU.ActiveCfg = Debug|Any CPU
		{A740F439-FC92-435B-9B2C-739DB74C3C84}.Debug|Any CPU.Build.0 = Debug|Any CPU
		{A740F439-FC92-435B-9B2C-739DB74C3C84}.Release|Any CPU.ActiveCfg = Release|Any CPU
		{A740F439-FC92-435B-9B2C-739DB74C3C84}.Release|Any CPU.Build.0 = Release|Any CPU
		{DC49ADF9-59B9-402A-8344-B6171172062C}.Debug|Any CPU.ActiveCfg = Debug|Any CPU
		{DC49ADF9-59B9-402A-8344-B6171172062C}.Debug|Any CPU.Build.0 = Debug|Any CPU
		{DC49ADF9-59B9-402A-8344-B6171172062C}.Release|Any CPU.ActiveCfg = Release|Any CPU
		{DC49ADF9-59B9-402A-8344-B6171172062C}.Release|Any CPU.Build.0 = Release|Any CPU
		{23363520-7131-4F4F-BC85-08CA1E12BAD9}.Debug|Any CPU.ActiveCfg = Debug|Any CPU
		{23363520-7131-4F4F-BC85-08CA1E12BAD9}.Debug|Any CPU.Build.0 = Debug|Any CPU
		{23363520-7131-4F4F-BC85-08CA1E12BAD9}.Release|Any CPU.ActiveCfg = Release|Any CPU
		{23363520-7131-4F4F-BC85-08CA1E12BAD9}.Release|Any CPU.Build.0 = Release|Any CPU
		{D913911F-F638-4283-9795-820A79AA3E7D}.Debug|Any CPU.ActiveCfg = Debug|Any CPU
		{D913911F-F638-4283-9795-820A79AA3E7D}.Debug|Any CPU.Build.0 = Debug|Any CPU
		{D913911F-F638-4283-9795-820A79AA3E7D}.Release|Any CPU.ActiveCfg = Release|Any CPU
		{D913911F-F638-4283-9795-820A79AA3E7D}.Release|Any CPU.Build.0 = Release|Any CPU
		{95C5CD22-5D78-4FC5-8F8A-1DE7CC150949}.Debug|Any CPU.ActiveCfg = Debug|Any CPU
		{95C5CD22-5D78-4FC5-8F8A-1DE7CC150949}.Debug|Any CPU.Build.0 = Debug|Any CPU
		{95C5CD22-5D78-4FC5-8F8A-1DE7CC150949}.Release|Any CPU.ActiveCfg = Release|Any CPU
		{95C5CD22-5D78-4FC5-8F8A-1DE7CC150949}.Release|Any CPU.Build.0 = Release|Any CPU
	EndGlobalSection
	GlobalSection(SolutionProperties) = preSolution
		HideSolutionNode = FALSE
	EndGlobalSection
	GlobalSection(ExtensibilityGlobals) = postSolution
		SolutionGuid = {392AB4A2-DCE2-42CA-989E-C1D579EB8C7D}
	EndGlobalSection
EndGlobal
